
Microsoft Visual Studio Solution File, Format Version 12.00
# Visual Studio Version 16
VisualStudioVersion = 16.0.28729.10
MinimumVisualStudioVersion = 10.0.40219.1
Project("{FAE04EC0-301F-11D3-BF4B-00C04F79EFBC}") = "2048", "2048.csproj", "{4F00710C-0F87-4F03-8739-F5A6CDD18BF3}"
EndProject
Global
	GlobalSection(SolutionConfigurationPlatforms) = preSolution
		Debug|Any CPU = Debug|Any CPU
		Release|Any CPU = Release|Any CPU
	EndGlobalSection
	GlobalSection(ProjectConfigurationPlatforms) = postSolution
		{4F00710C-0F87-4F03-8739-F5A6CDD18BF3}.Debug|Any CPU.ActiveCfg = Debug|Any CPU
		{4F00710C-0F87-4F03-8739-F5A6CDD18BF3}.Debug|Any CPU.Build.0 = Debug|Any CPU
		{4F00710C-0F87-4F03-8739-F5A6CDD18BF3}.Release|Any CPU.ActiveCfg = Release|Any CPU
		{4F00710C-0F87-4F03-8739-F5A6CDD18BF3}.Release|Any CPU.Build.0 = Release|Any CPU
	EndGlobalSection
	GlobalSection(SolutionProperties) = preSolution
		HideSolutionNode = FALSE
	EndGlobalSection
	GlobalSection(ExtensibilityGlobals) = postSolution
		SolutionGuid = {F112AF2D-75DC-46D6-AB0B-204511771111}
	EndGlobalSection
EndGlobal
